
Microsoft Visual Studio Solution File, Format Version 12.00
# Visual Studio Version 17
VisualStudioVersion = 17.5.33424.131
MinimumVisualStudioVersion = 10.0.40219.1
Project("{FAE04EC0-301F-11D3-BF4B-00C04F79EFBC}") = "GaraSSCuadre", "GaraSSCuadre.csproj", "{9CE08AFF-0C83-46E4-9ECD-E23037A0D53B}"
EndProject
Global
	GlobalSection(SolutionConfigurationPlatforms) = preSolution
		Debug|Any CPU = Debug|Any CPU
		Release|Any CPU = Release|Any CPU
	EndGlobalSection
	GlobalSection(ProjectConfigurationPlatforms) = postSolution
		{9CE08AFF-0C83-46E4-9ECD-E23037A0D53B}.Debug|Any CPU.ActiveCfg = Debug|Any CPU
		{9CE08AFF-0C83-46E4-9ECD-E23037A0D53B}.Debug|Any CPU.Build.0 = Debug|Any CPU
		{9CE08AFF-0C83-46E4-9ECD-E23037A0D53B}.Release|Any CPU.ActiveCfg = Release|Any CPU
		{9CE08AFF-0C83-46E4-9ECD-E23037A0D53B}.Release|Any CPU.Build.0 = Release|Any CPU
	EndGlobalSection
	GlobalSection(SolutionProperties) = preSolution
		HideSolutionNode = FALSE
	EndGlobalSection
	GlobalSection(ExtensibilityGlobals) = postSolution
		SolutionGuid = {76F66CC0-8291-4724-ACD0-F0AB30F260A7}
	EndGlobalSection
EndGlobal
